
Microsoft Visual Studio Solution File, Format Version 12.00
# Visual Studio Version 17
VisualStudioVersion = 17.5.33530.505
MinimumVisualStudioVersion = 10.0.40219.1
Project("{FAE04EC0-301F-11D3-BF4B-00C04F79EFBC}") = "CheckTimePicker2", "CheckTimePicker2\CheckTimePicker2.csproj", "{791AFEE1-CD1B-4F62-8B94-CED0C9DE52AB}"
EndProject
Global
	GlobalSection(SolutionConfigurationPlatforms) = preSolution
		Debug|Any CPU = Debug|Any CPU
		Release|Any CPU = Release|Any CPU
	EndGlobalSection
	GlobalSection(ProjectConfigurationPlatforms) = postSolution
		{791AFEE1-CD1B-4F62-8B94-CED0C9DE52AB}.Debug|Any CPU.ActiveCfg = Debug|Any CPU
		{791AFEE1-CD1B-4F62-8B94-CED0C9DE52AB}.Debug|Any CPU.Build.0 = Debug|Any CPU
		{791AFEE1-CD1B-4F62-8B94-CED0C9DE52AB}.Release|Any CPU.ActiveCfg = Release|Any CPU
		{791AFEE1-CD1B-4F62-8B94-CED0C9DE52AB}.Release|Any CPU.Build.0 = Release|Any CPU
	EndGlobalSection
	GlobalSection(SolutionProperties) = preSolution
		HideSolutionNode = FALSE
	EndGlobalSection
	GlobalSection(ExtensibilityGlobals) = postSolution
		SolutionGuid = {4EE34B45-4938-4D69-B266-C8EE402EC474}
	EndGlobalSection
EndGlobal
